
Microsoft Visual Studio Solution File, Format Version 12.00
# Visual Studio 15
VisualStudioVersion = 15.0.28307.705
MinimumVisualStudioVersion = 10.0.40219.1
Project("{9A19103F-16F7-4668-BE54-9A1E7A4F7556}") = "CSharp-Example", "CSharp-Example.csproj", "{B4BCF49C-214D-4D9F-B751-F42CE23D9575}"
EndProject
Global
	GlobalSection(SolutionConfigurationPlatforms) = preSolution
		Debug|Any CPU = Debug|Any CPU
		Release|Any CPU = Release|Any CPU
	EndGlobalSection
	GlobalSection(ProjectConfigurationPlatforms) = postSolution
		{B4BCF49C-214D-4D9F-B751-F42CE23D9575}.Debug|Any CPU.ActiveCfg = Debug|Any CPU
		{B4BCF49C-214D-4D9F-B751-F42CE23D9575}.Debug|Any CPU.Build.0 = Debug|Any CPU
		{B4BCF49C-214D-4D9F-B751-F42CE23D9575}.Release|Any CPU.ActiveCfg = Release|Any CPU
		{B4BCF49C-214D-4D9F-B751-F42CE23D9575}.Release|Any CPU.Build.0 = Release|Any CPU
	EndGlobalSection
	GlobalSection(SolutionProperties) = preSolution
		HideSolutionNode = FALSE
	EndGlobalSection
	GlobalSection(ExtensibilityGlobals) = postSolution
		SolutionGuid = {631150C6-E77F-4C08-8DD1-15058F4535EE}
	EndGlobalSection
EndGlobal
